
Microsoft Visual Studio Solution File, Format Version 12.00
# Visual Studio Version 16
VisualStudioVersion = 16.0.31321.278
MinimumVisualStudioVersion = 10.0.40219.1
Project("{FAE04EC0-301F-11D3-BF4B-00C04F79EFBC}") = "Bandas_Tarea", "Bandas_Tarea\Bandas_Tarea.csproj", "{F840D95D-E282-42D7-8885-30D714B33030}"
EndProject
Global
	GlobalSection(SolutionConfigurationPlatforms) = preSolution
		Debug|Any CPU = Debug|Any CPU
		Release|Any CPU = Release|Any CPU
	EndGlobalSection
	GlobalSection(ProjectConfigurationPlatforms) = postSolution
		{F840D95D-E282-42D7-8885-30D714B33030}.Debug|Any CPU.ActiveCfg = Debug|Any CPU
		{F840D95D-E282-42D7-8885-30D714B33030}.Debug|Any CPU.Build.0 = Debug|Any CPU
		{F840D95D-E282-42D7-8885-30D714B33030}.Release|Any CPU.ActiveCfg = Release|Any CPU
		{F840D95D-E282-42D7-8885-30D714B33030}.Release|Any CPU.Build.0 = Release|Any CPU
	EndGlobalSection
	GlobalSection(SolutionProperties) = preSolution
		HideSolutionNode = FALSE
	EndGlobalSection
	GlobalSection(ExtensibilityGlobals) = postSolution
		SolutionGuid = {C11FAD5A-AA12-4AB6-8D1A-61045E6862C8}
	EndGlobalSection
EndGlobal
